
Microsoft Visual Studio Solution File, Format Version 12.00
# Visual Studio Version 17
VisualStudioVersion = 17.13.35825.156 d17.13
MinimumVisualStudioVersion = 10.0.40219.1
Project("{FAE04EC0-301F-11D3-BF4B-00C04F79EFBC}") = "ProyectoIS", "ProyectoIS.csproj", "{7E40EFF6-970F-2D4B-832A-FFAB928E7955}"
EndProject
Global
	GlobalSection(SolutionConfigurationPlatforms) = preSolution
		Debug|Any CPU = Debug|Any CPU
		Release|Any CPU = Release|Any CPU
	EndGlobalSection
	GlobalSection(ProjectConfigurationPlatforms) = postSolution
		{7E40EFF6-970F-2D4B-832A-FFAB928E7955}.Debug|Any CPU.ActiveCfg = Debug|Any CPU
		{7E40EFF6-970F-2D4B-832A-FFAB928E7955}.Debug|Any CPU.Build.0 = Debug|Any CPU
		{7E40EFF6-970F-2D4B-832A-FFAB928E7955}.Release|Any CPU.ActiveCfg = Release|Any CPU
		{7E40EFF6-970F-2D4B-832A-FFAB928E7955}.Release|Any CPU.Build.0 = Release|Any CPU
	EndGlobalSection
	GlobalSection(SolutionProperties) = preSolution
		HideSolutionNode = FALSE
	EndGlobalSection
	GlobalSection(ExtensibilityGlobals) = postSolution
		SolutionGuid = {06F93664-4F03-4B14-968E-C7E541DBE56B}
	EndGlobalSection
EndGlobal
